
Microsoft Visual Studio Solution File, Format Version 12.00
# Visual Studio Version 16
VisualStudioVersion = 16.0.28803.156
MinimumVisualStudioVersion = 10.0.40219.1
Project("{FAE04EC0-301F-11D3-BF4B-00C04F79EFBC}") = "Shreeparmeshwari_Jewllers", "Shreeparmeshwari_Jewllers\Shreeparmeshwari_Jewllers.csproj", "{D050A807-F8E9-4F16-903D-C25D140A6E74}"
EndProject
Global
	GlobalSection(SolutionConfigurationPlatforms) = preSolution
		Debug|Any CPU = Debug|Any CPU
		Release|Any CPU = Release|Any CPU
	EndGlobalSection
	GlobalSection(ProjectConfigurationPlatforms) = postSolution
		{D050A807-F8E9-4F16-903D-C25D140A6E74}.Debug|Any CPU.ActiveCfg = Debug|Any CPU
		{D050A807-F8E9-4F16-903D-C25D140A6E74}.Debug|Any CPU.Build.0 = Debug|Any CPU
		{D050A807-F8E9-4F16-903D-C25D140A6E74}.Release|Any CPU.ActiveCfg = Release|Any CPU
		{D050A807-F8E9-4F16-903D-C25D140A6E74}.Release|Any CPU.Build.0 = Release|Any CPU
	EndGlobalSection
	GlobalSection(SolutionProperties) = preSolution
		HideSolutionNode = FALSE
	EndGlobalSection
	GlobalSection(ExtensibilityGlobals) = postSolution
		SolutionGuid = {FC873A29-E8D7-48A0-A66F-E74E1DEC83F1}
	EndGlobalSection
EndGlobal
